
Microsoft Visual Studio Solution File, Format Version 12.00
# Visual Studio Version 17
VisualStudioVersion = 17.1.32407.343
MinimumVisualStudioVersion = 10.0.40219.1
Project("{9A19103F-16F7-4668-BE54-9A1E7A4F7556}") = "KatalogProduk", "KatalogProduk\KatalogProduk.csproj", "{70085977-8DE8-4D7A-A6BF-CCB6E983FD6A}"
EndProject
Project("{9A19103F-16F7-4668-BE54-9A1E7A4F7556}") = "TransaksiBelanja", "TransaksiBelanja\TransaksiBelanja.csproj", "{3580D835-016D-46E1-8996-E37A6669C10B}"
EndProject
Project("{9A19103F-16F7-4668-BE54-9A1E7A4F7556}") = "Shipping", "Shipping\Shipping.csproj", "{9CDCC458-80EB-4E5A-A9E2-2A1B153B711B}"
EndProject
Project("{9A19103F-16F7-4668-BE54-9A1E7A4F7556}") = "UserManagement", "UserManagement\UserManagement.csproj", "{8B911199-1F64-4B02-B0A2-E5040846FEC1}"
EndProject
Global
	GlobalSection(SolutionConfigurationPlatforms) = preSolution
		Debug|Any CPU = Debug|Any CPU
		Release|Any CPU = Release|Any CPU
	EndGlobalSection
	GlobalSection(ProjectConfigurationPlatforms) = postSolution
		{70085977-8DE8-4D7A-A6BF-CCB6E983FD6A}.Debug|Any CPU.ActiveCfg = Debug|Any CPU
		{70085977-8DE8-4D7A-A6BF-CCB6E983FD6A}.Debug|Any CPU.Build.0 = Debug|Any CPU
		{70085977-8DE8-4D7A-A6BF-CCB6E983FD6A}.Release|Any CPU.ActiveCfg = Release|Any CPU
		{70085977-8DE8-4D7A-A6BF-CCB6E983FD6A}.Release|Any CPU.Build.0 = Release|Any CPU
		{3580D835-016D-46E1-8996-E37A6669C10B}.Debug|Any CPU.ActiveCfg = Debug|Any CPU
		{3580D835-016D-46E1-8996-E37A6669C10B}.Debug|Any CPU.Build.0 = Debug|Any CPU
		{3580D835-016D-46E1-8996-E37A6669C10B}.Release|Any CPU.ActiveCfg = Release|Any CPU
		{3580D835-016D-46E1-8996-E37A6669C10B}.Release|Any CPU.Build.0 = Release|Any CPU
		{9CDCC458-80EB-4E5A-A9E2-2A1B153B711B}.Debug|Any CPU.ActiveCfg = Debug|Any CPU
		{9CDCC458-80EB-4E5A-A9E2-2A1B153B711B}.Debug|Any CPU.Build.0 = Debug|Any CPU
		{9CDCC458-80EB-4E5A-A9E2-2A1B153B711B}.Release|Any CPU.ActiveCfg = Release|Any CPU
		{9CDCC458-80EB-4E5A-A9E2-2A1B153B711B}.Release|Any CPU.Build.0 = Release|Any CPU
		{8B911199-1F64-4B02-B0A2-E5040846FEC1}.Debug|Any CPU.ActiveCfg = Debug|Any CPU
		{8B911199-1F64-4B02-B0A2-E5040846FEC1}.Debug|Any CPU.Build.0 = Debug|Any CPU
		{8B911199-1F64-4B02-B0A2-E5040846FEC1}.Release|Any CPU.ActiveCfg = Release|Any CPU
		{8B911199-1F64-4B02-B0A2-E5040846FEC1}.Release|Any CPU.Build.0 = Release|Any CPU
	EndGlobalSection
	GlobalSection(SolutionProperties) = preSolution
		HideSolutionNode = FALSE
	EndGlobalSection
	GlobalSection(ExtensibilityGlobals) = postSolution
		SolutionGuid = {34D7CD0C-42EE-4FA5-9651-DEB3E6BE57DD}
	EndGlobalSection
EndGlobal
